
Microsoft Visual Studio Solution File, Format Version 12.00
# Visual Studio 2012
Project("{FAE04EC0-301F-11D3-BF4B-00C04F79EFBC}") = "Kh", "libKh\Kh.csproj", "{605C4D6B-6E02-4BF3-8A91-DB2DDB3ACD8A}"
EndProject
Project("{2150E333-8FDC-42A3-9474-1A3956D46DE8}") = "Tools", "Tools", "{CC1207A7-6D3A-4788-800A-7A9D3C3C51C6}"
EndProject
Project("{2150E333-8FDC-42A3-9474-1A3956D46DE8}") = "Tests", "Tests", "{59CE7840-4054-4D43-8C74-D73420FFD309}"
EndProject
Project("{FAE04EC0-301F-11D3-BF4B-00C04F79EFBC}") = "BARParser", "BARParser\BARParser.csproj", "{7787A632-4EE2-4313-A383-C4A12285EF89}"
EndProject
Global
	GlobalSection(SolutionConfigurationPlatforms) = preSolution
		Debug|Any CPU = Debug|Any CPU
		Release|Any CPU = Release|Any CPU
	EndGlobalSection
	GlobalSection(ProjectConfigurationPlatforms) = postSolution
		{605C4D6B-6E02-4BF3-8A91-DB2DDB3ACD8A}.Debug|Any CPU.ActiveCfg = Debug|Any CPU
		{605C4D6B-6E02-4BF3-8A91-DB2DDB3ACD8A}.Debug|Any CPU.Build.0 = Debug|Any CPU
		{605C4D6B-6E02-4BF3-8A91-DB2DDB3ACD8A}.Release|Any CPU.ActiveCfg = Release|Any CPU
		{605C4D6B-6E02-4BF3-8A91-DB2DDB3ACD8A}.Release|Any CPU.Build.0 = Release|Any CPU
		{7787A632-4EE2-4313-A383-C4A12285EF89}.Debug|Any CPU.ActiveCfg = Debug|Any CPU
		{7787A632-4EE2-4313-A383-C4A12285EF89}.Debug|Any CPU.Build.0 = Debug|Any CPU
		{7787A632-4EE2-4313-A383-C4A12285EF89}.Release|Any CPU.ActiveCfg = Release|Any CPU
		{7787A632-4EE2-4313-A383-C4A12285EF89}.Release|Any CPU.Build.0 = Release|Any CPU
	EndGlobalSection
	GlobalSection(SolutionProperties) = preSolution
		HideSolutionNode = FALSE
	EndGlobalSection
	GlobalSection(NestedProjects) = preSolution
		{7787A632-4EE2-4313-A383-C4A12285EF89} = {59CE7840-4054-4D43-8C74-D73420FFD309}
	EndGlobalSection
EndGlobal
